
Microsoft Visual Studio Solution File, Format Version 12.00
# Visual Studio Version 17
VisualStudioVersion = 17.3.32929.385
MinimumVisualStudioVersion = 10.0.40219.1
Project("{FAE04EC0-301F-11D3-BF4B-00C04F79EFBC}") = "DDD.WinForm", "DDD.WinForm\DDD.WinForm.csproj", "{DF9F5E62-A9E9-4B59-AB6D-4B720C330DA9}"
EndProject
Global
	GlobalSection(SolutionConfigurationPlatforms) = preSolution
		Debug|Any CPU = Debug|Any CPU
		Release|Any CPU = Release|Any CPU
	EndGlobalSection
	GlobalSection(ProjectConfigurationPlatforms) = postSolution
		{DF9F5E62-A9E9-4B59-AB6D-4B720C330DA9}.Debug|Any CPU.ActiveCfg = Debug|Any CPU
		{DF9F5E62-A9E9-4B59-AB6D-4B720C330DA9}.Debug|Any CPU.Build.0 = Debug|Any CPU
		{DF9F5E62-A9E9-4B59-AB6D-4B720C330DA9}.Release|Any CPU.ActiveCfg = Release|Any CPU
		{DF9F5E62-A9E9-4B59-AB6D-4B720C330DA9}.Release|Any CPU.Build.0 = Release|Any CPU
	EndGlobalSection
	GlobalSection(SolutionProperties) = preSolution
		HideSolutionNode = FALSE
	EndGlobalSection
	GlobalSection(ExtensibilityGlobals) = postSolution
		SolutionGuid = {24705F57-C1DB-4759-A555-8B61A3348D6C}
	EndGlobalSection
EndGlobal
